
Microsoft Visual Studio Solution File, Format Version 12.00
# Visual Studio 15
VisualStudioVersion = 15.0.28010.2003
MinimumVisualStudioVersion = 10.0.40219.1
Project("{2150E333-8FDC-42A3-9474-1A3956D46DE8}") = "Common", "Common", "{1491A454-FB5E-4F7F-942D-6817B998916C}"
EndProject
Project("{9A19103F-16F7-4668-BE54-9A1E7A4F7556}") = "Common", "src\Common\Common.csproj", "{16896A6A-AF6C-4CDD-B6FE-92BBC25F0499}"
EndProject
Project("{9A19103F-16F7-4668-BE54-9A1E7A4F7556}") = "Common.UnitTests", "test\Common.Tests\Common.UnitTests.csproj", "{D0733373-5953-4436-8BDE-63C08E141CCE}"
EndProject
Project("{2150E333-8FDC-42A3-9474-1A3956D46DE8}") = "CloudBornWeb", "CloudBornWeb", "{ECF4B900-47C1-4593-83D3-B4535EA7BE00}"
EndProject
Project("{9A19103F-16F7-4668-BE54-9A1E7A4F7556}") = "Services.Utilities", "src\Services.Utilities\Services.Utilities.csproj", "{18B03E8D-33BC-4742-A104-3938D3C5CB2A}"
EndProject
Project("{A07B5EB6-E848-4116-A8D0-A826331D98C6}") = "ServiceFabricApplication", "src\ServiceFabricApplication\ServiceFabricApplication.sfproj", "{0843E6C3-F6BC-4C78-8868-A7516C5FD297}"
EndProject
Project("{2150E333-8FDC-42A3-9474-1A3956D46DE8}") = "Services", "Services", "{87713B70-DEEF-4451-B75A-69E8A2315C2D}"
EndProject
Project("{9A19103F-16F7-4668-BE54-9A1E7A4F7556}") = "Service.Resources", "src\Service.Resources\Service.Resources.csproj", "{73699C65-FDB7-45BF-B6BC-3B95BC08A8B7}"
EndProject
Project("{9A19103F-16F7-4668-BE54-9A1E7A4F7556}") = "Testing.Resources", "test\Testing.Resources\Testing.Resources.csproj", "{467C07AB-B924-44F7-B126-A89018284EF9}"
EndProject
Project("{D954291E-2A0B-460D-934E-DC6B0785DB48}") = "SolutionFiles", "SolutionFiles\SolutionFiles.shproj", "{CDC6C96F-4D11-48AA-A674-93FBDC19C5CC}"
EndProject
Project("{9A19103F-16F7-4668-BE54-9A1E7A4F7556}") = "Common.ClientSdk", "test\Common.ClientSdk\Common.ClientSdk.csproj", "{31A64CC6-887A-4857-AC69-A7D5B93D5261}"
EndProject
Project("{9A19103F-16F7-4668-BE54-9A1E7A4F7556}") = "Common.IntegrationTests", "test\Common.IntegrationTests\Common.IntegrationTests.csproj", "{06B601F0-D099-4895-91B2-3AC36C36B211}"
EndProject
Project("{9A19103F-16F7-4668-BE54-9A1E7A4F7556}") = "CloudBornWeb.UnitTests", "test\CloudBornWeb.UnitTests\CloudBornWeb.UnitTests.csproj", "{2E568588-0416-46CF-BB9B-1052C4D77D22}"
EndProject
Project("{9A19103F-16F7-4668-BE54-9A1E7A4F7556}") = "CloudBornWeb.ClientSdk", "test\CloudBornWeb.ClientSdk\CloudBornWeb.ClientSdk.csproj", "{0862A608-90CE-4BFD-AF8D-2943C1529068}"
EndProject
Project("{9A19103F-16F7-4668-BE54-9A1E7A4F7556}") = "CloudBornWeb.IntegrationTests", "test\CloudBornWeb.IntegrationTests\CloudBornWeb.IntegrationTests.csproj", "{F0C6F75A-0768-4DF2-A6C5-6DBFB920B1DB}"
EndProject
Project("{9A19103F-16F7-4668-BE54-9A1E7A4F7556}") = "Service.CloudBornWeb", "src\Service.CloudBornWeb\Service.CloudBornWeb.csproj", "{0C7206F6-1329-44C6-AE81-5651679650F5}"
EndProject
Project("{9A19103F-16F7-4668-BE54-9A1E7A4F7556}") = "Service.CloudBornWorker", "src\Service.CloudBornWorker\Service.CloudBornWorker.csproj", "{1F538C28-03FF-46CA-B1CB-6CE52554C9FF}"
EndProject
Project("{9A19103F-16F7-4668-BE54-9A1E7A4F7556}") = "CloudBornWeb.Core", "src\CloudBornWeb.Core\CloudBornWeb.Core.csproj", "{45B725D6-6745-4552-A560-23C4D114ADBE}"
EndProject
Project("{9A19103F-16F7-4668-BE54-9A1E7A4F7556}") = "CloudBorn.Common", "src\CloudBorn.Common\CloudBorn.Common.csproj", "{0DA61044-9112-4180-8307-F9A711471D05}"
EndProject
Project("{2150E333-8FDC-42A3-9474-1A3956D46DE8}") = "test", "test", "{916563E7-B2EB-4735-BF9D-DC9AE637D8CD}"
EndProject
Project("{2150E333-8FDC-42A3-9474-1A3956D46DE8}") = "src", "src", "{778683F4-0FC2-4B37-8100-441B0387688E}"
EndProject
Project("{2150E333-8FDC-42A3-9474-1A3956D46DE8}") = "test", "test", "{A9F9D45B-4D48-4169-A168-64C3FA2A01B3}"
EndProject
Project("{2150E333-8FDC-42A3-9474-1A3956D46DE8}") = "src", "src", "{37609F63-6250-4E17-90AC-E21724ACA446}"
EndProject
Global
	GlobalSection(SharedMSBuildProjectFiles) = preSolution
		SolutionFiles\SolutionFiles.projitems*{cdc6c96f-4d11-48aa-a674-93fbdc19c5cc}*SharedItemsImports = 13
	EndGlobalSection
	GlobalSection(SolutionConfigurationPlatforms) = preSolution
		Debug|x64 = Debug|x64
		Release|x64 = Release|x64
	EndGlobalSection
	GlobalSection(ProjectConfigurationPlatforms) = postSolution
		{16896A6A-AF6C-4CDD-B6FE-92BBC25F0499}.Debug|x64.ActiveCfg = Debug|x64
		{16896A6A-AF6C-4CDD-B6FE-92BBC25F0499}.Debug|x64.Build.0 = Debug|x64
		{16896A6A-AF6C-4CDD-B6FE-92BBC25F0499}.Release|x64.ActiveCfg = Release|x64
		{16896A6A-AF6C-4CDD-B6FE-92BBC25F0499}.Release|x64.Build.0 = Release|x64
		{D0733373-5953-4436-8BDE-63C08E141CCE}.Debug|x64.ActiveCfg = Debug|x64
		{D0733373-5953-4436-8BDE-63C08E141CCE}.Debug|x64.Build.0 = Debug|x64
		{D0733373-5953-4436-8BDE-63C08E141CCE}.Release|x64.ActiveCfg = Release|x64
		{D0733373-5953-4436-8BDE-63C08E141CCE}.Release|x64.Build.0 = Release|x64
		{18B03E8D-33BC-4742-A104-3938D3C5CB2A}.Debug|x64.ActiveCfg = Debug|x64
		{18B03E8D-33BC-4742-A104-3938D3C5CB2A}.Debug|x64.Build.0 = Debug|x64
		{18B03E8D-33BC-4742-A104-3938D3C5CB2A}.Release|x64.ActiveCfg = Release|x64
		{18B03E8D-33BC-4742-A104-3938D3C5CB2A}.Release|x64.Build.0 = Release|x64
		{0843E6C3-F6BC-4C78-8868-A7516C5FD297}.Debug|x64.ActiveCfg = Debug|x64
		{0843E6C3-F6BC-4C78-8868-A7516C5FD297}.Debug|x64.Build.0 = Debug|x64
		{0843E6C3-F6BC-4C78-8868-A7516C5FD297}.Debug|x64.Deploy.0 = Debug|x64
		{0843E6C3-F6BC-4C78-8868-A7516C5FD297}.Release|x64.ActiveCfg = Release|x64
		{0843E6C3-F6BC-4C78-8868-A7516C5FD297}.Release|x64.Build.0 = Release|x64
		{0843E6C3-F6BC-4C78-8868-A7516C5FD297}.Release|x64.Deploy.0 = Release|x64
		{73699C65-FDB7-45BF-B6BC-3B95BC08A8B7}.Debug|x64.ActiveCfg = Debug|x64
		{73699C65-FDB7-45BF-B6BC-3B95BC08A8B7}.Debug|x64.Build.0 = Debug|x64
		{73699C65-FDB7-45BF-B6BC-3B95BC08A8B7}.Release|x64.ActiveCfg = Release|x64
		{73699C65-FDB7-45BF-B6BC-3B95BC08A8B7}.Release|x64.Build.0 = Release|x64
		{467C07AB-B924-44F7-B126-A89018284EF9}.Debug|x64.ActiveCfg = Debug|x64
		{467C07AB-B924-44F7-B126-A89018284EF9}.Debug|x64.Build.0 = Debug|x64
		{467C07AB-B924-44F7-B126-A89018284EF9}.Release|x64.ActiveCfg = Release|x64
		{467C07AB-B924-44F7-B126-A89018284EF9}.Release|x64.Build.0 = Release|x64
		{31A64CC6-887A-4857-AC69-A7D5B93D5261}.Debug|x64.ActiveCfg = Debug|x64
		{31A64CC6-887A-4857-AC69-A7D5B93D5261}.Debug|x64.Build.0 = Debug|x64
		{31A64CC6-887A-4857-AC69-A7D5B93D5261}.Release|x64.ActiveCfg = Release|x64
		{31A64CC6-887A-4857-AC69-A7D5B93D5261}.Release|x64.Build.0 = Release|x64
		{06B601F0-D099-4895-91B2-3AC36C36B211}.Debug|x64.ActiveCfg = Debug|x64
		{06B601F0-D099-4895-91B2-3AC36C36B211}.Debug|x64.Build.0 = Debug|x64
		{06B601F0-D099-4895-91B2-3AC36C36B211}.Release|x64.ActiveCfg = Release|x64
		{06B601F0-D099-4895-91B2-3AC36C36B211}.Release|x64.Build.0 = Release|x64
		{2E568588-0416-46CF-BB9B-1052C4D77D22}.Debug|x64.ActiveCfg = Debug|x64
		{2E568588-0416-46CF-BB9B-1052C4D77D22}.Debug|x64.Build.0 = Debug|x64
		{2E568588-0416-46CF-BB9B-1052C4D77D22}.Release|x64.ActiveCfg = Release|x64
		{2E568588-0416-46CF-BB9B-1052C4D77D22}.Release|x64.Build.0 = Release|x64
		{0862A608-90CE-4BFD-AF8D-2943C1529068}.Debug|x64.ActiveCfg = Debug|x64
		{0862A608-90CE-4BFD-AF8D-2943C1529068}.Debug|x64.Build.0 = Debug|x64
		{0862A608-90CE-4BFD-AF8D-2943C1529068}.Release|x64.ActiveCfg = Release|x64
		{0862A608-90CE-4BFD-AF8D-2943C1529068}.Release|x64.Build.0 = Release|x64
		{F0C6F75A-0768-4DF2-A6C5-6DBFB920B1DB}.Debug|x64.ActiveCfg = Debug|x64
		{F0C6F75A-0768-4DF2-A6C5-6DBFB920B1DB}.Debug|x64.Build.0 = Debug|x64
		{F0C6F75A-0768-4DF2-A6C5-6DBFB920B1DB}.Release|x64.ActiveCfg = Release|x64
		{F0C6F75A-0768-4DF2-A6C5-6DBFB920B1DB}.Release|x64.Build.0 = Release|x64
		{0C7206F6-1329-44C6-AE81-5651679650F5}.Debug|x64.ActiveCfg = Debug|x64
		{0C7206F6-1329-44C6-AE81-5651679650F5}.Debug|x64.Build.0 = Debug|x64
		{0C7206F6-1329-44C6-AE81-5651679650F5}.Release|x64.ActiveCfg = Release|x64
		{0C7206F6-1329-44C6-AE81-5651679650F5}.Release|x64.Build.0 = Release|x64
		{1F538C28-03FF-46CA-B1CB-6CE52554C9FF}.Debug|x64.ActiveCfg = Debug|x64
		{1F538C28-03FF-46CA-B1CB-6CE52554C9FF}.Debug|x64.Build.0 = Debug|x64
		{1F538C28-03FF-46CA-B1CB-6CE52554C9FF}.Release|x64.ActiveCfg = Release|x64
		{1F538C28-03FF-46CA-B1CB-6CE52554C9FF}.Release|x64.Build.0 = Release|x64
		{45B725D6-6745-4552-A560-23C4D114ADBE}.Debug|x64.ActiveCfg = Debug|x64
		{45B725D6-6745-4552-A560-23C4D114ADBE}.Debug|x64.Build.0 = Debug|x64
		{45B725D6-6745-4552-A560-23C4D114ADBE}.Release|x64.ActiveCfg = Release|x64
		{45B725D6-6745-4552-A560-23C4D114ADBE}.Release|x64.Build.0 = Release|x64
		{0DA61044-9112-4180-8307-F9A711471D05}.Debug|x64.ActiveCfg = Debug|x64
		{0DA61044-9112-4180-8307-F9A711471D05}.Debug|x64.Build.0 = Debug|x64
		{0DA61044-9112-4180-8307-F9A711471D05}.Release|x64.ActiveCfg = Release|x64
		{0DA61044-9112-4180-8307-F9A711471D05}.Release|x64.Build.0 = Release|x64
	EndGlobalSection
	GlobalSection(SolutionProperties) = preSolution
		HideSolutionNode = FALSE
	EndGlobalSection
	GlobalSection(NestedProjects) = preSolution
		{16896A6A-AF6C-4CDD-B6FE-92BBC25F0499} = {37609F63-6250-4E17-90AC-E21724ACA446}
		{D0733373-5953-4436-8BDE-63C08E141CCE} = {A9F9D45B-4D48-4169-A168-64C3FA2A01B3}
		{18B03E8D-33BC-4742-A104-3938D3C5CB2A} = {87713B70-DEEF-4451-B75A-69E8A2315C2D}
		{73699C65-FDB7-45BF-B6BC-3B95BC08A8B7} = {87713B70-DEEF-4451-B75A-69E8A2315C2D}
		{467C07AB-B924-44F7-B126-A89018284EF9} = {A9F9D45B-4D48-4169-A168-64C3FA2A01B3}
		{31A64CC6-887A-4857-AC69-A7D5B93D5261} = {A9F9D45B-4D48-4169-A168-64C3FA2A01B3}
		{06B601F0-D099-4895-91B2-3AC36C36B211} = {A9F9D45B-4D48-4169-A168-64C3FA2A01B3}
		{2E568588-0416-46CF-BB9B-1052C4D77D22} = {916563E7-B2EB-4735-BF9D-DC9AE637D8CD}
		{0862A608-90CE-4BFD-AF8D-2943C1529068} = {916563E7-B2EB-4735-BF9D-DC9AE637D8CD}
		{F0C6F75A-0768-4DF2-A6C5-6DBFB920B1DB} = {916563E7-B2EB-4735-BF9D-DC9AE637D8CD}
		{0C7206F6-1329-44C6-AE81-5651679650F5} = {87713B70-DEEF-4451-B75A-69E8A2315C2D}
		{1F538C28-03FF-46CA-B1CB-6CE52554C9FF} = {87713B70-DEEF-4451-B75A-69E8A2315C2D}
		{45B725D6-6745-4552-A560-23C4D114ADBE} = {778683F4-0FC2-4B37-8100-441B0387688E}
		{0DA61044-9112-4180-8307-F9A711471D05} = {37609F63-6250-4E17-90AC-E21724ACA446}
		{916563E7-B2EB-4735-BF9D-DC9AE637D8CD} = {ECF4B900-47C1-4593-83D3-B4535EA7BE00}
		{778683F4-0FC2-4B37-8100-441B0387688E} = {ECF4B900-47C1-4593-83D3-B4535EA7BE00}
		{A9F9D45B-4D48-4169-A168-64C3FA2A01B3} = {1491A454-FB5E-4F7F-942D-6817B998916C}
		{37609F63-6250-4E17-90AC-E21724ACA446} = {1491A454-FB5E-4F7F-942D-6817B998916C}
	EndGlobalSection
	GlobalSection(ExtensibilityGlobals) = postSolution
		SolutionGuid = {0132B3C0-C135-4598-A84C-A1AE30DDA280}
	EndGlobalSection
EndGlobal
